# This file is @generated by PDM.
# It is not intended for manual editing.

[metadata]
groups = ["default"]
strategy = ["inherit_metadata"]
lock_version = "4.5.0"
content_hash = "sha256:a5123e3ece4beb55093842c6c6e4c4657ca883f5882da21c9d897acf9e01fd9f"

[[metadata.targets]]
requires_python = "==3.12.*"

[[package]]
name = "cffi"
version = "1.17.0"
requires_python = ">=3.8"
summary = "Foreign Function Interface for Python calling C code."
groups = ["default"]
marker = "implementation_name == \"pypy\""
dependencies = [
    "pycparser",
]
files = [
    {file = "cffi-1.17.0-cp312-cp312-macosx_10_9_x86_64.whl", hash = "sha256:aec510255ce690d240f7cb23d7114f6b351c733a74c279a84def763660a2c3bc"},
    {file = "cffi-1.17.0-cp312-cp312-macosx_11_0_arm64.whl", hash = "sha256:2770bb0d5e3cc0e31e7318db06efcbcdb7b31bcb1a70086d3177692a02256f59"},
    {file = "cffi-1.17.0-cp312-cp312-manylinux_2_12_i686.manylinux2010_i686.manylinux_2_17_i686.manylinux2014_i686.whl", hash = "sha256:db9a30ec064129d605d0f1aedc93e00894b9334ec74ba9c6bdd08147434b33eb"},
    {file = "cffi-1.17.0-cp312-cp312-manylinux_2_17_aarch64.manylinux2014_aarch64.whl", hash = "sha256:a47eef975d2b8b721775a0fa286f50eab535b9d56c70a6e62842134cf7841195"},
    {file = "cffi-1.17.0-cp312-cp312-manylinux_2_17_ppc64le.manylinux2014_ppc64le.whl", hash = "sha256:f3e0992f23bbb0be00a921eae5363329253c3b86287db27092461c887b791e5e"},
    {file = "cffi-1.17.0-cp312-cp312-manylinux_2_17_s390x.manylinux2014_s390x.whl", hash = "sha256:6107e445faf057c118d5050560695e46d272e5301feffda3c41849641222a828"},
    {file = "cffi-1.17.0-cp312-cp312-manylinux_2_17_x86_64.manylinux2014_x86_64.whl", hash = "sha256:eb862356ee9391dc5a0b3cbc00f416b48c1b9a52d252d898e5b7696a5f9fe150"},
    {file = "cffi-1.17.0-cp312-cp312-musllinux_1_1_aarch64.whl", hash = "sha256:c1c13185b90bbd3f8b5963cd8ce7ad4ff441924c31e23c975cb150e27c2bf67a"},
    {file = "cffi-1.17.0-cp312-cp312-musllinux_1_1_x86_64.whl", hash = "sha256:17c6d6d3260c7f2d94f657e6872591fe8733872a86ed1345bda872cfc8c74885"},
    {file = "cffi-1.17.0-cp312-cp312-win32.whl", hash = "sha256:c3b8bd3133cd50f6b637bb4322822c94c5ce4bf0d724ed5ae70afce62187c492"},
    {file = "cffi-1.17.0-cp312-cp312-win_amd64.whl", hash = "sha256:dca802c8db0720ce1c49cce1149ff7b06e91ba15fa84b1d59144fef1a1bc7ac2"},
    {file = "cffi-1.17.0.tar.gz", hash = "sha256:f3157624b7558b914cb039fd1af735e5e8049a87c817cc215109ad1c8779df76"},
]

[[package]]
name = "pycparser"
version = "2.22"
requires_python = ">=3.8"
summary = "C parser in Python"
groups = ["default"]
marker = "implementation_name == \"pypy\""
files = [
    {file = "pycparser-2.22-py3-none-any.whl", hash = "sha256:c3702b6d3dd8c7abc1afa565d7e63d53a1d0bd86cdc24edd75470f4de499cfcc"},
    {file = "pycparser-2.22.tar.gz", hash = "sha256:491c8be9c040f5390f5bf44a5b07752bd07f56edf992381b05c701439eec10f6"},
]

[[package]]
name = "pyzmq"
version = "26.1.0"
requires_python = ">=3.7"
summary = "Python bindings for 0MQ"
groups = ["default"]
dependencies = [
    "cffi; implementation_name == \"pypy\"",
]
files = [
    {file = "pyzmq-26.1.0-cp312-cp312-macosx_10_15_universal2.whl", hash = "sha256:3d3146b1c3dcc8a1539e7cc094700b2be1e605a76f7c8f0979b6d3bde5ad4072"},
    {file = "pyzmq-26.1.0-cp312-cp312-macosx_10_9_x86_64.whl", hash = "sha256:d9270fbf038bf34ffca4855bcda6e082e2c7f906b9eb8d9a8ce82691166060f7"},
    {file = "pyzmq-26.1.0-cp312-cp312-manylinux_2_17_aarch64.manylinux2014_aarch64.whl", hash = "sha256:995301f6740a421afc863a713fe62c0aaf564708d4aa057dfdf0f0f56525294b"},
    {file = "pyzmq-26.1.0-cp312-cp312-manylinux_2_17_i686.manylinux2014_i686.whl", hash = "sha256:e7eca8b89e56fb8c6c26dd3e09bd41b24789022acf1cf13358e96f1cafd8cae3"},
    {file = "pyzmq-26.1.0-cp312-cp312-manylinux_2_17_x86_64.manylinux2014_x86_64.whl", hash = "sha256:90d4feb2e83dfe9ace6374a847e98ee9d1246ebadcc0cb765482e272c34e5820"},
    {file = "pyzmq-26.1.0-cp312-cp312-manylinux_2_28_x86_64.whl", hash = "sha256:d4fafc2eb5d83f4647331267808c7e0c5722c25a729a614dc2b90479cafa78bd"},
    {file = "pyzmq-26.1.0-cp312-cp312-musllinux_1_1_aarch64.whl", hash = "sha256:58c33dc0e185dd97a9ac0288b3188d1be12b756eda67490e6ed6a75cf9491d79"},
    {file = "pyzmq-26.1.0-cp312-cp312-musllinux_1_1_i686.whl", hash = "sha256:68a0a1d83d33d8367ddddb3e6bb4afbb0f92bd1dac2c72cd5e5ddc86bdafd3eb"},
    {file = "pyzmq-26.1.0-cp312-cp312-musllinux_1_1_x86_64.whl", hash = "sha256:2ae7c57e22ad881af78075e0cea10a4c778e67234adc65c404391b417a4dda83"},
    {file = "pyzmq-26.1.0-cp312-cp312-win32.whl", hash = "sha256:347e84fc88cc4cb646597f6d3a7ea0998f887ee8dc31c08587e9c3fd7b5ccef3"},
    {file = "pyzmq-26.1.0-cp312-cp312-win_amd64.whl", hash = "sha256:9f136a6e964830230912f75b5a116a21fe8e34128dcfd82285aa0ef07cb2c7bd"},
    {file = "pyzmq-26.1.0-cp312-cp312-win_arm64.whl", hash = "sha256:a4b7a989c8f5a72ab1b2bbfa58105578753ae77b71ba33e7383a31ff75a504c4"},
    {file = "pyzmq-26.1.0.tar.gz", hash = "sha256:6c5aeea71f018ebd3b9115c7cb13863dd850e98ca6b9258509de1246461a7e7f"},
]
